
Microsoft Visual Studio Solution File, Format Version 12.00
# Visual Studio Version 17
VisualStudioVersion = 17.14.36705.20
MinimumVisualStudioVersion = 10.0.40219.1
Project("{FAE04EC0-301F-11D3-BF4B-00C04F79EFBC}") = "Fantasy Encylopedia App", "Fantasy Encylopedia App\Fantasy Encylopedia App.csproj", "{0FA50A80-A5D9-4684-B525-1D755F91514B}"
EndProject
Project("{FAE04EC0-301F-11D3-BF4B-00C04F79EFBC}") = "Fantasy_Encyclopedia.Core", "Fantasy_Encyclopedia.Core\Fantasy_Encyclopedia.Core.csproj", "{E8360A9D-35D6-4B78-9618-7C6EA612B282}"
EndProject
Project("{FAE04EC0-301F-11D3-BF4B-00C04F79EFBC}") = "XUnitTesting", "Fantasty_EncyclopediaXUnit.Tests\XUnitTesting.csproj", "{A0BAB80D-2A2F-4D78-B21A-3F3816414251}"
EndProject
Project("{FAE04EC0-301F-11D3-BF4B-00C04F79EFBC}") = "SeleniumTests", "SeleniumTests\SeleniumTests.csproj", "{1B30505E-7830-4241-A49B-FA50AC62F061}"
EndProject
Global
	GlobalSection(SolutionConfigurationPlatforms) = preSolution
		Debug|Any CPU = Debug|Any CPU
		Release|Any CPU = Release|Any CPU
	EndGlobalSection
	GlobalSection(ProjectConfigurationPlatforms) = postSolution
		{0FA50A80-A5D9-4684-B525-1D755F91514B}.Debug|Any CPU.ActiveCfg = Debug|Any CPU
		{0FA50A80-A5D9-4684-B525-1D755F91514B}.Debug|Any CPU.Build.0 = Debug|Any CPU
		{0FA50A80-A5D9-4684-B525-1D755F91514B}.Release|Any CPU.ActiveCfg = Release|Any CPU
		{0FA50A80-A5D9-4684-B525-1D755F91514B}.Release|Any CPU.Build.0 = Release|Any CPU
		{E8360A9D-35D6-4B78-9618-7C6EA612B282}.Debug|Any CPU.ActiveCfg = Debug|Any CPU
		{E8360A9D-35D6-4B78-9618-7C6EA612B282}.Debug|Any CPU.Build.0 = Debug|Any CPU
		{E8360A9D-35D6-4B78-9618-7C6EA612B282}.Release|Any CPU.ActiveCfg = Release|Any CPU
		{E8360A9D-35D6-4B78-9618-7C6EA612B282}.Release|Any CPU.Build.0 = Release|Any CPU
		{A0BAB80D-2A2F-4D78-B21A-3F3816414251}.Debug|Any CPU.ActiveCfg = Debug|Any CPU
		{A0BAB80D-2A2F-4D78-B21A-3F3816414251}.Debug|Any CPU.Build.0 = Debug|Any CPU
		{A0BAB80D-2A2F-4D78-B21A-3F3816414251}.Release|Any CPU.ActiveCfg = Release|Any CPU
		{A0BAB80D-2A2F-4D78-B21A-3F3816414251}.Release|Any CPU.Build.0 = Release|Any CPU
		{1B30505E-7830-4241-A49B-FA50AC62F061}.Debug|Any CPU.ActiveCfg = Debug|Any CPU
		{1B30505E-7830-4241-A49B-FA50AC62F061}.Debug|Any CPU.Build.0 = Debug|Any CPU
		{1B30505E-7830-4241-A49B-FA50AC62F061}.Release|Any CPU.ActiveCfg = Release|Any CPU
		{1B30505E-7830-4241-A49B-FA50AC62F061}.Release|Any CPU.Build.0 = Release|Any CPU
	EndGlobalSection
	GlobalSection(SolutionProperties) = preSolution
		HideSolutionNode = FALSE
	EndGlobalSection
	GlobalSection(ExtensibilityGlobals) = postSolution
		SolutionGuid = {07E5260A-89BB-4497-9706-056E766E58DA}
	EndGlobalSection
EndGlobal
